{
  "name": "app",
  "version": "0.1.0",
  "lockfileVersion": 1,
  "requires": true,
  "dependencies": {
    "dotenv": {
      "version": "4.0.0",
      "resolved": "https://registry.npmjs.org/dotenv/-/dotenv-4.0.0.tgz",
      "integrity": "sha1-hk7xN5rO1Vzm+V3r7NzhefegzR0="
    },
    "redux-promise-middleware": {
      "version": "4.4.1",
      "resolved": "https://registry.npmjs.org/redux-promise-middleware/-/redux-promise-middleware-4.4.1.tgz",
      "integrity": "sha512-1B5eiSGbZIbTKutIwYBwvz8visA5Bdnqtlxm2UnVsl7pgyU7hc7wigBwj17cLOnvG6deO4yft9NXFjWpg7k7PQ=="
    }
  }
}
